
Microsoft Visual Studio Solution File, Format Version 11.00
# Visual C# Express 2010
Project("{FAE04EC0-301F-11D3-BF4B-00C04F79EFBC}") = "chart_test", "chart_test\chart_test.csproj", "{9067126C-D48D-4D2E-ACCE-855C0D6B890B}"
EndProject
Global
	GlobalSection(SolutionConfigurationPlatforms) = preSolution
		Debug|x86 = Debug|x86
		Release|x86 = Release|x86
	EndGlobalSection
	GlobalSection(ProjectConfigurationPlatforms) = postSolution
		{9067126C-D48D-4D2E-ACCE-855C0D6B890B}.Debug|x86.ActiveCfg = Debug|x86
		{9067126C-D48D-4D2E-ACCE-855C0D6B890B}.Debug|x86.Build.0 = Debug|x86
		{9067126C-D48D-4D2E-ACCE-855C0D6B890B}.Release|x86.ActiveCfg = Release|x86
		{9067126C-D48D-4D2E-ACCE-855C0D6B890B}.Release|x86.Build.0 = Release|x86
	EndGlobalSection
	GlobalSection(SolutionProperties) = preSolution
		HideSolutionNode = FALSE
	EndGlobalSection
EndGlobal
